{
  "version": 4,
  "terraform_version": "1.7.5",
  "serial": 1,
  "lineage": "61a6ea5b-8923-0d6a-c541-67e860e532f9",
  "outputs": {},
  "resources": [
    {
      "mode": "data",
      "type": "aws_s3_bucket",
      "name": "bucket",
      "provider": "provider[\"registry.terraform.io/hashicorp/aws\"]",
      "instances": [
        {
          "schema_version": 0,
          "attributes": {
            "arn": "arn:aws:s3:::gloompi",
            "bucket": "gloompi",
            "bucket_domain_name": "gloompi.s3.amazonaws.com",
            "bucket_regional_domain_name": "gloompi.s3.us-east-1.amazonaws.com",
            "hosted_zone_id": "Z3AQBSTGFYJSTF",
            "id": "gloompi",
            "region": "us-east-1",
            "website_domain": null,
            "website_endpoint": null
          },
          "sensitive_attributes": []
        }
      ]
    },
    {
      "mode": "managed",
      "type": "aws_iam_policy",
      "name": "gloompi_policy",
      "provider": "provider[\"registry.terraform.io/hashicorp/aws\"]",
      "instances": [
        {
          "schema_version": 0,
          "attributes": {
            "arn": "arn:aws:iam::020591658655:policy/gloompis-policy",
            "description": "",
            "id": "arn:aws:iam::020591658655:policy/gloompis-policy",
            "name": "gloompis-policy",
            "name_prefix": "",
            "path": "/",
            "policy": "{\"Statement\":[{\"Action\":[\"s3:ListBucket\"],\"Effect\":\"Allow\",\"Resource\":[\"arn:aws:s3:::gloompi\"]}],\"Version\":\"2012-10-17\"}",
            "policy_id": "ANPAQJS23Y2P5SOGEOQJV",
            "tags": null,
            "tags_all": {}
          },
          "sensitive_attributes": [],
          "private": "bnVsbA==",
          "dependencies": [
            "data.aws_s3_bucket.bucket"
          ]
        }
      ]
    }
  ],
  "check_results": null
}
