{
  "version": 4,
  "terraform_version": "1.7.5",
  "serial": 1,
  "lineage": "21c37061-25d5-8ec6-d641-3b38d0fcee0e",
  "outputs": {
    "vpc": {
      "value": {
        "Name": "source-vpc"
      },
      "type": [
        "map",
        "string"
      ]
    }
  },
  "resources": [
    {
      "mode": "managed",
      "type": "aws_vpc",
      "name": "vpc",
      "provider": "provider[\"registry.terraform.io/hashicorp/aws\"]",
      "instances": [
        {
          "schema_version": 1,
          "attributes": {
            "arn": "arn:aws:ec2:eu-west-2:020591658655:vpc/vpc-0f71be53f9dd461ea",
            "assign_generated_ipv6_cidr_block": false,
            "cidr_block": "10.0.0.0/16",
            "default_network_acl_id": "acl-0a2a19fe954d3af92",
            "default_route_table_id": "rtb-04a9cf2163c17b874",
            "default_security_group_id": "sg-045a38f22188cd18d",
            "dhcp_options_id": "dopt-58154b30",
            "enable_dns_hostnames": false,
            "enable_dns_support": true,
            "enable_network_address_usage_metrics": false,
            "id": "vpc-0f71be53f9dd461ea",
            "instance_tenancy": "default",
            "ipv4_ipam_pool_id": null,
            "ipv4_netmask_length": null,
            "ipv6_association_id": "",
            "ipv6_cidr_block": "",
            "ipv6_cidr_block_network_border_group": "",
            "ipv6_ipam_pool_id": "",
            "ipv6_netmask_length": 0,
            "main_route_table_id": "rtb-04a9cf2163c17b874",
            "owner_id": "020591658655",
            "tags": {
              "Name": "source-vpc"
            },
            "tags_all": {
              "Name": "source-vpc"
            }
          },
          "sensitive_attributes": [],
          "private": "eyJzY2hlbWFfdmVyc2lvbiI6IjEifQ=="
        }
      ]
    }
  ],
  "check_results": null
}
