{
  "version": 4,
  "terraform_version": "1.7.5",
  "serial": 5,
  "lineage": "8472f82b-00f5-3258-7bc2-f2ef554653e2",
  "outputs": {},
  "resources": [
    {
      "mode": "managed",
      "type": "aws_vpc",
      "name": "vpc",
      "provider": "provider[\"registry.terraform.io/hashicorp/aws\"]",
      "instances": [
        {
          "schema_version": 1,
          "attributes": {
            "arn": "arn:aws:ec2:eu-west-2:020591658655:vpc/vpc-09cbb65c66ee68df8",
            "assign_generated_ipv6_cidr_block": false,
            "cidr_block": "10.0.0.0/16",
            "default_network_acl_id": "acl-018ed656787399b0d",
            "default_route_table_id": "rtb-0af012eb4a6fb54a1",
            "default_security_group_id": "sg-0575b676ca87dfa41",
            "dhcp_options_id": "dopt-58154b30",
            "enable_dns_hostnames": false,
            "enable_dns_support": true,
            "enable_network_address_usage_metrics": false,
            "id": "vpc-09cbb65c66ee68df8",
            "instance_tenancy": "default",
            "ipv4_ipam_pool_id": null,
            "ipv4_netmask_length": null,
            "ipv6_association_id": "",
            "ipv6_cidr_block": "",
            "ipv6_cidr_block_network_border_group": "",
            "ipv6_ipam_pool_id": "",
            "ipv6_netmask_length": 0,
            "main_route_table_id": "rtb-0af012eb4a6fb54a1",
            "owner_id": "020591658655",
            "tags": {
              "Name": "source-vpc"
            },
            "tags_all": {
              "Name": "source-vpc"
            }
          },
          "sensitive_attributes": [],
          "private": "eyJzY2hlbWFfdmVyc2lvbiI6IjEifQ=="
        }
      ]
    }
  ],
  "check_results": null
}
