{
  "version": 4,
  "terraform_version": "1.7.5",
  "serial": 3,
  "lineage": "79d42b8f-e1a2-c9ed-850c-344de393d6cb",
  "outputs": {
    "rendered_loop_template": {
      "value": "backend 10.0.0.1:8080\nbackend 10.0.0.2:8080\n",
      "type": "string"
    },
    "rendered_template": {
      "value": "hello there kevin\nthere are 7 things to say\n",
      "type": "string"
    }
  },
  "resources": [
    {
      "mode": "managed",
      "type": "aws_iam_policy",
      "name": "my_bucket_policy",
      "provider": "provider[\"registry.terraform.io/hashicorp/aws\"]",
      "instances": [
        {
          "schema_version": 0,
          "attributes": {
            "arn": "arn:aws:iam::020591658655:policy/list-buckets-policy",
            "description": "",
            "id": "arn:aws:iam::020591658655:policy/list-buckets-policy",
            "name": "list-buckets-policy",
            "name_prefix": "",
            "path": "/",
            "policy": "{\"Statement\":[{\"Action\":[\"s3:ListBucket\"],\"Effect\":\"Allow\",\"Resource\":\"*\"}],\"Version\":\"2012-10-17\"}",
            "policy_id": "ANPAQJS23Y2PXT46M4ER3",
            "tags": {},
            "tags_all": {}
          },
          "sensitive_attributes": [],
          "private": "bnVsbA=="
        }
      ]
    }
  ],
  "check_results": null
}
